
Microsoft Visual Studio Solution File, Format Version 12.00
# Visual Studio Version 17
VisualStudioVersion = 17.0.32112.339
MinimumVisualStudioVersion = 10.0.40219.1
Project("{FAE04EC0-301F-11D3-BF4B-00C04F79EFBC}") = "01. Match Full Name", "01. Match Full Name\01. Match Full Name.csproj", "{CC419AEF-02D3-45A5-B4D5-BD432166D239}"
EndProject
Project("{FAE04EC0-301F-11D3-BF4B-00C04F79EFBC}") = "02. Match Phone Number", "02. Match Phone Number\02. Match Phone Number.csproj", "{796EE862-E4D3-430F-A884-05785C8F7607}"
EndProject
Project("{FAE04EC0-301F-11D3-BF4B-00C04F79EFBC}") = "03. Match Dates", "03. Match Dates\03. Match Dates.csproj", "{02424239-E2D1-4083-B336-58517900F3F9}"
EndProject
Global
	GlobalSection(SolutionConfigurationPlatforms) = preSolution
		Debug|Any CPU = Debug|Any CPU
		Release|Any CPU = Release|Any CPU
	EndGlobalSection
	GlobalSection(ProjectConfigurationPlatforms) = postSolution
		{CC419AEF-02D3-45A5-B4D5-BD432166D239}.Debug|Any CPU.ActiveCfg = Debug|Any CPU
		{CC419AEF-02D3-45A5-B4D5-BD432166D239}.Debug|Any CPU.Build.0 = Debug|Any CPU
		{CC419AEF-02D3-45A5-B4D5-BD432166D239}.Release|Any CPU.ActiveCfg = Release|Any CPU
		{CC419AEF-02D3-45A5-B4D5-BD432166D239}.Release|Any CPU.Build.0 = Release|Any CPU
		{796EE862-E4D3-430F-A884-05785C8F7607}.Debug|Any CPU.ActiveCfg = Debug|Any CPU
		{796EE862-E4D3-430F-A884-05785C8F7607}.Debug|Any CPU.Build.0 = Debug|Any CPU
		{796EE862-E4D3-430F-A884-05785C8F7607}.Release|Any CPU.ActiveCfg = Release|Any CPU
		{796EE862-E4D3-430F-A884-05785C8F7607}.Release|Any CPU.Build.0 = Release|Any CPU
		{02424239-E2D1-4083-B336-58517900F3F9}.Debug|Any CPU.ActiveCfg = Debug|Any CPU
		{02424239-E2D1-4083-B336-58517900F3F9}.Debug|Any CPU.Build.0 = Debug|Any CPU
		{02424239-E2D1-4083-B336-58517900F3F9}.Release|Any CPU.ActiveCfg = Release|Any CPU
		{02424239-E2D1-4083-B336-58517900F3F9}.Release|Any CPU.Build.0 = Release|Any CPU
	EndGlobalSection
	GlobalSection(SolutionProperties) = preSolution
		HideSolutionNode = FALSE
	EndGlobalSection
	GlobalSection(ExtensibilityGlobals) = postSolution
		SolutionGuid = {E8D00EC6-D9CF-489B-8DC3-2E48A320B523}
	EndGlobalSection
EndGlobal
